
Microsoft Visual Studio Solution File, Format Version 12.00
# Visual Studio Version 16
VisualStudioVersion = 16.0.30204.135
MinimumVisualStudioVersion = 10.0.40219.1
Project("{FAE04EC0-301F-11D3-BF4B-00C04F79EFBC}") = "ConsoleApp1", "ConsoleApp1\ConsoleApp1.csproj", "{5F26CE47-320A-40DD-8CAA-0CBCF0D310A6}"
EndProject
Global
	GlobalSection(SolutionConfigurationPlatforms) = preSolution
		Debug|Any CPU = Debug|Any CPU
		Release|Any CPU = Release|Any CPU
	EndGlobalSection
	GlobalSection(ProjectConfigurationPlatforms) = postSolution
		{5F26CE47-320A-40DD-8CAA-0CBCF0D310A6}.Debug|Any CPU.ActiveCfg = Debug|Any CPU
		{5F26CE47-320A-40DD-8CAA-0CBCF0D310A6}.Debug|Any CPU.Build.0 = Debug|Any CPU
		{5F26CE47-320A-40DD-8CAA-0CBCF0D310A6}.Release|Any CPU.ActiveCfg = Release|Any CPU
		{5F26CE47-320A-40DD-8CAA-0CBCF0D310A6}.Release|Any CPU.Build.0 = Release|Any CPU
	EndGlobalSection
	GlobalSection(SolutionProperties) = preSolution
		HideSolutionNode = FALSE
	EndGlobalSection
	GlobalSection(ExtensibilityGlobals) = postSolution
		SolutionGuid = {73C9D057-190B-460F-9B92-03886DD06CDA}
	EndGlobalSection
EndGlobal
